
Microsoft Visual Studio Solution File, Format Version 12.00
# Visual Studio Version 17
VisualStudioVersion = 17.14.36603.0
MinimumVisualStudioVersion = 10.0.40219.1
Project("{FAE04EC0-301F-11D3-BF4B-00C04F79EFBC}") = "GestionTorneos", "GestionTorneos\GestionTorneos.csproj", "{F6D29E9F-28B7-4F07-8607-21B51846ECAD}"
EndProject
Project("{FAE04EC0-301F-11D3-BF4B-00C04F79EFBC}") = "GestionTorneos.API", "GestionTorneosAPI\GestionTorneos.API.csproj", "{CA010611-A10C-4A99-A0D9-6F60F2FAF1FF}"
EndProject
Project("{FAE04EC0-301F-11D3-BF4B-00C04F79EFBC}") = "GestionTorneos.ApiTest", "GestionTorneos.ApiTest\GestionTorneos.ApiTest.csproj", "{FB8F2A0E-0E73-4F62-8E5C-7625AC9E7C10}"
EndProject
Project("{2150E333-8FDC-42A3-9474-1A3956D46DE8}") = "Elementos de la solución", "Elementos de la solución", "{D107F4C8-89CC-BEA8-D3D7-CA6B7733353D}"
	ProjectSection(SolutionItems) = preProject
		Dockerfile = Dockerfile
	EndProjectSection
EndProject
Global
	GlobalSection(SolutionConfigurationPlatforms) = preSolution
		Debug|Any CPU = Debug|Any CPU
		Release|Any CPU = Release|Any CPU
	EndGlobalSection
	GlobalSection(ProjectConfigurationPlatforms) = postSolution
		{F6D29E9F-28B7-4F07-8607-21B51846ECAD}.Debug|Any CPU.ActiveCfg = Debug|Any CPU
		{F6D29E9F-28B7-4F07-8607-21B51846ECAD}.Debug|Any CPU.Build.0 = Debug|Any CPU
		{F6D29E9F-28B7-4F07-8607-21B51846ECAD}.Release|Any CPU.ActiveCfg = Release|Any CPU
		{F6D29E9F-28B7-4F07-8607-21B51846ECAD}.Release|Any CPU.Build.0 = Release|Any CPU
		{CA010611-A10C-4A99-A0D9-6F60F2FAF1FF}.Debug|Any CPU.ActiveCfg = Debug|Any CPU
		{CA010611-A10C-4A99-A0D9-6F60F2FAF1FF}.Debug|Any CPU.Build.0 = Debug|Any CPU
		{CA010611-A10C-4A99-A0D9-6F60F2FAF1FF}.Release|Any CPU.ActiveCfg = Release|Any CPU
		{CA010611-A10C-4A99-A0D9-6F60F2FAF1FF}.Release|Any CPU.Build.0 = Release|Any CPU
		{FB8F2A0E-0E73-4F62-8E5C-7625AC9E7C10}.Debug|Any CPU.ActiveCfg = Debug|Any CPU
		{FB8F2A0E-0E73-4F62-8E5C-7625AC9E7C10}.Debug|Any CPU.Build.0 = Debug|Any CPU
		{FB8F2A0E-0E73-4F62-8E5C-7625AC9E7C10}.Release|Any CPU.ActiveCfg = Release|Any CPU
		{FB8F2A0E-0E73-4F62-8E5C-7625AC9E7C10}.Release|Any CPU.Build.0 = Release|Any CPU
	EndGlobalSection
	GlobalSection(SolutionProperties) = preSolution
		HideSolutionNode = FALSE
	EndGlobalSection
	GlobalSection(ExtensibilityGlobals) = postSolution
		SolutionGuid = {92EC4C34-1BCB-462A-8FA7-83A2457247B0}
	EndGlobalSection
EndGlobal
